
Microsoft Visual Studio Solution File, Format Version 12.00
# Visual Studio Version 17
VisualStudioVersion = 17.9.34728.123
MinimumVisualStudioVersion = 10.0.40219.1
Project("{FAE04EC0-301F-11D3-BF4B-00C04F79EFBC}") = "TlenSRV", "TlenSRV\TlenSRV.csproj", "{F563570B-2FFE-4A57-A583-8CE62D040522}"
EndProject
Project("{FAE04EC0-301F-11D3-BF4B-00C04F79EFBC}") = "WebServer", "WebServer\WebServer.csproj", "{99A68C04-2E69-4491-BC08-89491BFA7E23}"
EndProject
Global
	GlobalSection(SolutionConfigurationPlatforms) = preSolution
		Debug|Any CPU = Debug|Any CPU
		Release|Any CPU = Release|Any CPU
	EndGlobalSection
	GlobalSection(ProjectConfigurationPlatforms) = postSolution
		{F563570B-2FFE-4A57-A583-8CE62D040522}.Debug|Any CPU.ActiveCfg = Debug|Any CPU
		{F563570B-2FFE-4A57-A583-8CE62D040522}.Debug|Any CPU.Build.0 = Debug|Any CPU
		{F563570B-2FFE-4A57-A583-8CE62D040522}.Release|Any CPU.ActiveCfg = Release|Any CPU
		{F563570B-2FFE-4A57-A583-8CE62D040522}.Release|Any CPU.Build.0 = Release|Any CPU
		{99A68C04-2E69-4491-BC08-89491BFA7E23}.Debug|Any CPU.ActiveCfg = Debug|Any CPU
		{99A68C04-2E69-4491-BC08-89491BFA7E23}.Debug|Any CPU.Build.0 = Debug|Any CPU
		{99A68C04-2E69-4491-BC08-89491BFA7E23}.Release|Any CPU.ActiveCfg = Release|Any CPU
		{99A68C04-2E69-4491-BC08-89491BFA7E23}.Release|Any CPU.Build.0 = Release|Any CPU
	EndGlobalSection
	GlobalSection(SolutionProperties) = preSolution
		HideSolutionNode = FALSE
	EndGlobalSection
	GlobalSection(ExtensibilityGlobals) = postSolution
		SolutionGuid = {FDED0355-3EA5-49FF-AE59-9B5349397948}
	EndGlobalSection
EndGlobal
